
Microsoft Visual Studio Solution File, Format Version 12.00
# Visual Studio 2013
VisualStudioVersion = 12.0.30501.0
MinimumVisualStudioVersion = 10.0.40219.1
Project("{FAE04EC0-301F-11D3-BF4B-00C04F79EFBC}") = "TSqlFlex.SqlParser", "TSqlFlex.SqlParser\TSqlFlex.SqlParser.csproj", "{7633E837-631C-49BD-9264-C9B46E1D02B8}"
EndProject
Project("{FAE04EC0-301F-11D3-BF4B-00C04F79EFBC}") = "TSqlFlex.SqlParser.Tests", "TSqlFlex.SqlParser.Tests\TSqlFlex.SqlParser.Tests.csproj", "{C95C7CC7-59BB-4A4E-ADAE-9272BB145EC9}"
EndProject
Global
	GlobalSection(SolutionConfigurationPlatforms) = preSolution
		Debug|Any CPU = Debug|Any CPU
		Release|Any CPU = Release|Any CPU
	EndGlobalSection
	GlobalSection(ProjectConfigurationPlatforms) = postSolution
		{7633E837-631C-49BD-9264-C9B46E1D02B8}.Debug|Any CPU.ActiveCfg = Debug|Any CPU
		{7633E837-631C-49BD-9264-C9B46E1D02B8}.Debug|Any CPU.Build.0 = Debug|Any CPU
		{7633E837-631C-49BD-9264-C9B46E1D02B8}.Release|Any CPU.ActiveCfg = Release|Any CPU
		{7633E837-631C-49BD-9264-C9B46E1D02B8}.Release|Any CPU.Build.0 = Release|Any CPU
		{C95C7CC7-59BB-4A4E-ADAE-9272BB145EC9}.Debug|Any CPU.ActiveCfg = Debug|Any CPU
		{C95C7CC7-59BB-4A4E-ADAE-9272BB145EC9}.Debug|Any CPU.Build.0 = Debug|Any CPU
		{C95C7CC7-59BB-4A4E-ADAE-9272BB145EC9}.Release|Any CPU.ActiveCfg = Release|Any CPU
		{C95C7CC7-59BB-4A4E-ADAE-9272BB145EC9}.Release|Any CPU.Build.0 = Release|Any CPU
	EndGlobalSection
	GlobalSection(SolutionProperties) = preSolution
		HideSolutionNode = FALSE
	EndGlobalSection
EndGlobal
